// !$*UTF8*$!
{
	archiveVersion = 1;
	classes = {
	};
	objectVersion = 56;
	objects = {

/* Begin PBXBuildFile section */
		69026E0A2BFCC9DD00A922E0 /* Swifty_CompanionApp.swift in Sources */ = {isa = PBXBuildFile; fileRef = 69026E092BFCC9DD00A922E0 /* Swifty_CompanionApp.swift */; };
		69026E0C2BFCC9DD00A922E0 /* HomeView.swift in Sources */ = {isa = PBXBuildFile; fileRef = 69026E0B2BFCC9DD00A922E0 /* HomeView.swift */; };
		69026E0E2BFCC9E000A922E0 /* Assets.xcassets in Resources */ = {isa = PBXBuildFile; fileRef = 69026E0D2BFCC9E000A922E0 /* Assets.xcassets */; };
		69026E112BFCC9E000A922E0 /* Preview Assets.xcassets in Resources */ = {isa = PBXBuildFile; fileRef = 69026E102BFCC9E000A922E0 /* Preview Assets.xcassets */; };
		69026E1B2BFCC9E100A922E0 /* Swifty_CompanionTests.swift in Sources */ = {isa = PBXBuildFile; fileRef = 69026E1A2BFCC9E100A922E0 /* Swifty_CompanionTests.swift */; };
		69026E252BFCC9E100A922E0 /* Swifty_CompanionUITests.swift in Sources */ = {isa = PBXBuildFile; fileRef = 69026E242BFCC9E100A922E0 /* Swifty_CompanionUITests.swift */; };
		69026E272BFCC9E100A922E0 /* Swifty_CompanionUITestsLaunchTests.swift in Sources */ = {isa = PBXBuildFile; fileRef = 69026E262BFCC9E100A922E0 /* Swifty_CompanionUITestsLaunchTests.swift */; };
		69026E342BFCDC3B00A922E0 /* SearchView.swift in Sources */ = {isa = PBXBuildFile; fileRef = 69026E332BFCDC3B00A922E0 /* SearchView.swift */; };
		69026E372BFCDC8400A922E0 /* User.swift in Sources */ = {isa = PBXBuildFile; fileRef = 69026E362BFCDC8400A922E0 /* User.swift */; };
		69026E392BFCDDFA00A922E0 /* ContentView.swift in Sources */ = {isa = PBXBuildFile; fileRef = 69026E382BFCDDFA00A922E0 /* ContentView.swift */; };
		6907F1512C2470A3003DBF85 /* OAuthSwift in Frameworks */ = {isa = PBXBuildFile; productRef = 6907F1502C2470A3003DBF85 /* OAuthSwift */; };
		6907F1532C29C855003DBF85 /* APIConfig.swift in Sources */ = {isa = PBXBuildFile; fileRef = 6907F1522C29C855003DBF85 /* APIConfig.swift */; };
		6907F1552C29C94D003DBF85 /* APIKeychain.swift in Sources */ = {isa = PBXBuildFile; fileRef = 6907F1542C29C94D003DBF85 /* APIKeychain.swift */; };
		6930487B2C3D87400088A416 /* ProfileViewWrapper.swift in Sources */ = {isa = PBXBuildFile; fileRef = 6930487A2C3D87400088A416 /* ProfileViewWrapper.swift */; };
		6931163E2C2B046F00213A1B /* Token.swift in Sources */ = {isa = PBXBuildFile; fileRef = 6931163D2C2B046F00213A1B /* Token.swift */; };
		693116402C2B04DE00213A1B /* Cursus.swift in Sources */ = {isa = PBXBuildFile; fileRef = 6931163F2C2B04DE00213A1B /* Cursus.swift */; };
		693116422C2B050400213A1B /* Project.swift in Sources */ = {isa = PBXBuildFile; fileRef = 693116412C2B050400213A1B /* Project.swift */; };
		693C572B2C398C3C001B7E6C /* APIConfig.xcconfig in Resources */ = {isa = PBXBuildFile; fileRef = 693C572A2C398C3C001B7E6C /* APIConfig.xcconfig */; };
		6963BE962C468985000E0092 /* LogoutView.swift in Sources */ = {isa = PBXBuildFile; fileRef = 6963BE952C468985000E0092 /* LogoutView.swift */; };
		6963BE9A2C4696FF000E0092 /* DefaultPreview.swift in Sources */ = {isa = PBXBuildFile; fileRef = 6963BE992C4696FF000E0092 /* DefaultPreview.swift */; };
		698BB04B2C400C6E00EA2CD0 /* BottomBar.swift in Sources */ = {isa = PBXBuildFile; fileRef = 698BB04A2C400C6E00EA2CD0 /* BottomBar.swift */; };
		69C321402C073DC5006FF884 /* ProjectsView.swift in Sources */ = {isa = PBXBuildFile; fileRef = 69C3213F2C073DC4006FF884 /* ProjectsView.swift */; };
		69C321422C073DD1006FF884 /* SkillsView.swift in Sources */ = {isa = PBXBuildFile; fileRef = 69C321412C073DD1006FF884 /* SkillsView.swift */; };
		69E3EADA2BFE2DB000640935 /* OAuth.swift in Sources */ = {isa = PBXBuildFile; fileRef = 69E3EAD92BFE2DB000640935 /* OAuth.swift */; };
		69EB8A5A2BFF9C4400F2EFC3 /* SwiftyJSON in Frameworks */ = {isa = PBXBuildFile; productRef = 69EB8A592BFF9C4400F2EFC3 /* SwiftyJSON */; };
		69EB8A5C2C008B9D00F2EFC3 /* ProfileView.swift in Sources */ = {isa = PBXBuildFile; fileRef = 69EB8A5B2C008B9D00F2EFC3 /* ProfileView.swift */; };
		69F470612C35977B00D53432 /* WebView.swift in Sources */ = {isa = PBXBuildFile; fileRef = 69F470602C35977B00D53432 /* WebView.swift */; };
/* End PBXBuildFile section */

/* Begin PBXContainerItemProxy section */
		69026E172BFCC9E100A922E0 /* PBXContainerItemProxy */ = {
			isa = PBXContainerItemProxy;
			containerPortal = 69026DFE2BFCC9DD00A922E0 /* Project object */;
			proxyType = 1;
			remoteGlobalIDString = 69026E052BFCC9DD00A922E0;
			remoteInfo = Swifty_Companion;
		};
		69026E212BFCC9E100A922E0 /* PBXContainerItemProxy */ = {
			isa = PBXContainerItemProxy;
			containerPortal = 69026DFE2BFCC9DD00A922E0 /* Project object */;
			proxyType = 1;
			remoteGlobalIDString = 69026E052BFCC9DD00A922E0;
			remoteInfo = Swifty_Companion;
		};
/* End PBXContainerItemProxy section */

/* Begin PBXFileReference section */
		69026E062BFCC9DD00A922E0 /* Swifty_Companion.app */ = {isa = PBXFileReference; explicitFileType = wrapper.application; includeInIndex = 0; path = Swifty_Companion.app; sourceTree = BUILT_PRODUCTS_DIR; };
		69026E092BFCC9DD00A922E0 /* Swifty_CompanionApp.swift */ = {isa = PBXFileReference; lastKnownFileType = sourcecode.swift; path = Swifty_CompanionApp.swift; sourceTree = "<group>"; };
		69026E0B2BFCC9DD00A922E0 /* HomeView.swift */ = {isa = PBXFileReference; lastKnownFileType = sourcecode.swift; path = HomeView.swift; sourceTree = "<group>"; };
		69026E0D2BFCC9E000A922E0 /* Assets.xcassets */ = {isa = PBXFileReference; lastKnownFileType = folder.assetcatalog; path = Assets.xcassets; sourceTree = "<group>"; };
		69026E102BFCC9E000A922E0 /* Preview Assets.xcassets */ = {isa = PBXFileReference; lastKnownFileType = folder.assetcatalog; path = "Preview Assets.xcassets"; sourceTree = "<group>"; };
		69026E162BFCC9E100A922E0 /* Swifty_CompanionTests.xctest */ = {isa = PBXFileReference; explicitFileType = wrapper.cfbundle; includeInIndex = 0; path = Swifty_CompanionTests.xctest; sourceTree = BUILT_PRODUCTS_DIR; };
		69026E1A2BFCC9E100A922E0 /* Swifty_CompanionTests.swift */ = {isa = PBXFileReference; lastKnownFileType = sourcecode.swift; path = Swifty_CompanionTests.swift; sourceTree = "<group>"; };
		69026E202BFCC9E100A922E0 /* Swifty_CompanionUITests.xctest */ = {isa = PBXFileReference; explicitFileType = wrapper.cfbundle; includeInIndex = 0; path = Swifty_CompanionUITests.xctest; sourceTree = BUILT_PRODUCTS_DIR; };
		69026E242BFCC9E100A922E0 /* Swifty_CompanionUITests.swift */ = {isa = PBXFileReference; lastKnownFileType = sourcecode.swift; path = Swifty_CompanionUITests.swift; sourceTree = "<group>"; };
		69026E262BFCC9E100A922E0 /* Swifty_CompanionUITestsLaunchTests.swift */ = {isa = PBXFileReference; lastKnownFileType = sourcecode.swift; path = Swifty_CompanionUITestsLaunchTests.swift; sourceTree = "<group>"; };
		69026E332BFCDC3B00A922E0 /* SearchView.swift */ = {isa = PBXFileReference; lastKnownFileType = sourcecode.swift; path = SearchView.swift; sourceTree = "<group>"; };
		69026E362BFCDC8400A922E0 /* User.swift */ = {isa = PBXFileReference; lastKnownFileType = sourcecode.swift; path = User.swift; sourceTree = "<group>"; };
		69026E382BFCDDFA00A922E0 /* ContentView.swift */ = {isa = PBXFileReference; lastKnownFileType = sourcecode.swift; path = ContentView.swift; sourceTree = "<group>"; tabWidth = 4; usesTabs = 1; };
		6907F1522C29C855003DBF85 /* APIConfig.swift */ = {isa = PBXFileReference; lastKnownFileType = sourcecode.swift; path = APIConfig.swift; sourceTree = "<group>"; };
		6907F1542C29C94D003DBF85 /* APIKeychain.swift */ = {isa = PBXFileReference; lastKnownFileType = sourcecode.swift; path = APIKeychain.swift; sourceTree = "<group>"; };
		6930487A2C3D87400088A416 /* ProfileViewWrapper.swift */ = {isa = PBXFileReference; lastKnownFileType = sourcecode.swift; path = ProfileViewWrapper.swift; sourceTree = "<group>"; };
		6931163D2C2B046F00213A1B /* Token.swift */ = {isa = PBXFileReference; lastKnownFileType = sourcecode.swift; path = Token.swift; sourceTree = "<group>"; };
		6931163F2C2B04DE00213A1B /* Cursus.swift */ = {isa = PBXFileReference; lastKnownFileType = sourcecode.swift; path = Cursus.swift; sourceTree = "<group>"; };
		693116412C2B050400213A1B /* Project.swift */ = {isa = PBXFileReference; lastKnownFileType = sourcecode.swift; path = Project.swift; sourceTree = "<group>"; };
		693C572A2C398C3C001B7E6C /* APIConfig.xcconfig */ = {isa = PBXFileReference; lastKnownFileType = text.xcconfig; path = APIConfig.xcconfig; sourceTree = "<group>"; };
		693C572C2C398CD5001B7E6C /* Swifty-Companion-Info.plist */ = {isa = PBXFileReference; lastKnownFileType = text.plist; path = "Swifty-Companion-Info.plist"; sourceTree = SOURCE_ROOT; };
		6963BE952C468985000E0092 /* LogoutView.swift */ = {isa = PBXFileReference; lastKnownFileType = sourcecode.swift; path = LogoutView.swift; sourceTree = "<group>"; };
		6963BE992C4696FF000E0092 /* DefaultPreview.swift */ = {isa = PBXFileReference; lastKnownFileType = sourcecode.swift; path = DefaultPreview.swift; sourceTree = "<group>"; };
		698BB04A2C400C6E00EA2CD0 /* BottomBar.swift */ = {isa = PBXFileReference; lastKnownFileType = sourcecode.swift; path = BottomBar.swift; sourceTree = "<group>"; };
		69C3213F2C073DC4006FF884 /* ProjectsView.swift */ = {isa = PBXFileReference; lastKnownFileType = sourcecode.swift; path = ProjectsView.swift; sourceTree = "<group>"; };
		69C321412C073DD1006FF884 /* SkillsView.swift */ = {isa = PBXFileReference; lastKnownFileType = sourcecode.swift; path = SkillsView.swift; sourceTree = "<group>"; };
		69E3EAD92BFE2DB000640935 /* OAuth.swift */ = {isa = PBXFileReference; lastKnownFileType = sourcecode.swift; path = OAuth.swift; sourceTree = "<group>"; };
		69EB8A5B2C008B9D00F2EFC3 /* ProfileView.swift */ = {isa = PBXFileReference; lastKnownFileType = sourcecode.swift; path = ProfileView.swift; sourceTree = "<group>"; };
		69F470602C35977B00D53432 /* WebView.swift */ = {isa = PBXFileReference; lastKnownFileType = sourcecode.swift; path = WebView.swift; sourceTree = "<group>"; };
/* End PBXFileReference section */

/* Begin PBXFrameworksBuildPhase section */
		69026E032BFCC9DD00A922E0 /* Frameworks */ = {
			isa = PBXFrameworksBuildPhase;
			buildActionMask = 2147483647;
			files = (
				6907F1512C2470A3003DBF85 /* OAuthSwift in Frameworks */,
				69EB8A5A2BFF9C4400F2EFC3 /* SwiftyJSON in Frameworks */,
			);
			runOnlyForDeploymentPostprocessing = 0;
		};
		69026E132BFCC9E100A922E0 /* Frameworks */ = {
			isa = PBXFrameworksBuildPhase;
			buildActionMask = 2147483647;
			files = (
			);
			runOnlyForDeploymentPostprocessing = 0;
		};
		69026E1D2BFCC9E100A922E0 /* Frameworks */ = {
			isa = PBXFrameworksBuildPhase;
			buildActionMask = 2147483647;
			files = (
			);
			runOnlyForDeploymentPostprocessing = 0;
		};
/* End PBXFrameworksBuildPhase section */

/* Begin PBXGroup section */
		69026DFD2BFCC9DD00A922E0 = {
			isa = PBXGroup;
			children = (
				69026E082BFCC9DD00A922E0 /* Swifty_Companion */,
				69026E192BFCC9E100A922E0 /* Swifty_CompanionTests */,
				69026E232BFCC9E100A922E0 /* Swifty_CompanionUITests */,
				69026E072BFCC9DD00A922E0 /* Products */,
				69E3EADD2BFE3F7500640935 /* Frameworks */,
			);
			sourceTree = "<group>";
		};
		69026E072BFCC9DD00A922E0 /* Products */ = {
			isa = PBXGroup;
			children = (
				69026E062BFCC9DD00A922E0 /* Swifty_Companion.app */,
				69026E162BFCC9E100A922E0 /* Swifty_CompanionTests.xctest */,
				69026E202BFCC9E100A922E0 /* Swifty_CompanionUITests.xctest */,
			);
			name = Products;
			sourceTree = "<group>";
		};
		69026E082BFCC9DD00A922E0 /* Swifty_Companion */ = {
			isa = PBXGroup;
			children = (
				698BB0492C400C4C00EA2CD0 /* Composant */,
				693C572C2C398CD5001B7E6C /* Swifty-Companion-Info.plist */,
				69E3EADB2BFE2DBD00640935 /* View */,
				69E3EAD82BFE2D9800640935 /* Service */,
				69026E092BFCC9DD00A922E0 /* Swifty_CompanionApp.swift */,
				69026E0D2BFCC9E000A922E0 /* Assets.xcassets */,
				69026E352BFCDC6D00A922E0 /* Models */,
				69026E0F2BFCC9E000A922E0 /* Preview Content */,
				693C572A2C398C3C001B7E6C /* APIConfig.xcconfig */,
			);
			path = Swifty_Companion;
			sourceTree = "<group>";
		};
		69026E0F2BFCC9E000A922E0 /* Preview Content */ = {
			isa = PBXGroup;
			children = (
				69026E102BFCC9E000A922E0 /* Preview Assets.xcassets */,
			);
			path = "Preview Content";
			sourceTree = "<group>";
		};
		69026E192BFCC9E100A922E0 /* Swifty_CompanionTests */ = {
			isa = PBXGroup;
			children = (
				69026E1A2BFCC9E100A922E0 /* Swifty_CompanionTests.swift */,
			);
			path = Swifty_CompanionTests;
			sourceTree = "<group>";
		};
		69026E232BFCC9E100A922E0 /* Swifty_CompanionUITests */ = {
			isa = PBXGroup;
			children = (
				69026E242BFCC9E100A922E0 /* Swifty_CompanionUITests.swift */,
				69026E262BFCC9E100A922E0 /* Swifty_CompanionUITestsLaunchTests.swift */,
			);
			path = Swifty_CompanionUITests;
			sourceTree = "<group>";
		};
		69026E352BFCDC6D00A922E0 /* Models */ = {
			isa = PBXGroup;
			children = (
				69026E362BFCDC8400A922E0 /* User.swift */,
				6931163D2C2B046F00213A1B /* Token.swift */,
				6931163F2C2B04DE00213A1B /* Cursus.swift */,
				693116412C2B050400213A1B /* Project.swift */,
			);
			path = Models;
			sourceTree = "<group>";
		};
		698BB0492C400C4C00EA2CD0 /* Composant */ = {
			isa = PBXGroup;
			children = (
				698BB04A2C400C6E00EA2CD0 /* BottomBar.swift */,
			);
			path = Composant;
			sourceTree = "<group>";
		};
		69E3EAD82BFE2D9800640935 /* Service */ = {
			isa = PBXGroup;
			children = (
				6907F1522C29C855003DBF85 /* APIConfig.swift */,
				6907F1542C29C94D003DBF85 /* APIKeychain.swift */,
				69E3EAD92BFE2DB000640935 /* OAuth.swift */,
				6963BE992C4696FF000E0092 /* DefaultPreview.swift */,
			);
			path = Service;
			sourceTree = "<group>";
		};
		69E3EADB2BFE2DBD00640935 /* View */ = {
			isa = PBXGroup;
			children = (
				69026E0B2BFCC9DD00A922E0 /* HomeView.swift */,
				69026E332BFCDC3B00A922E0 /* SearchView.swift */,
				69026E382BFCDDFA00A922E0 /* ContentView.swift */,
				6963BE952C468985000E0092 /* LogoutView.swift */,
				69EB8A5B2C008B9D00F2EFC3 /* ProfileView.swift */,
				6930487A2C3D87400088A416 /* ProfileViewWrapper.swift */,
				69C3213F2C073DC4006FF884 /* ProjectsView.swift */,
				69C321412C073DD1006FF884 /* SkillsView.swift */,
				69F470602C35977B00D53432 /* WebView.swift */,
			);
			path = View;
			sourceTree = "<group>";
		};
		69E3EADD2BFE3F7500640935 /* Frameworks */ = {
			isa = PBXGroup;
			children = (
			);
			name = Frameworks;
			sourceTree = "<group>";
		};
/* End PBXGroup section */

/* Begin PBXNativeTarget section */
		69026E052BFCC9DD00A922E0 /* Swifty_Companion */ = {
			isa = PBXNativeTarget;
			buildConfigurationList = 69026E2A2BFCC9E100A922E0 /* Build configuration list for PBXNativeTarget "Swifty_Companion" */;
			buildPhases = (
				69026E022BFCC9DD00A922E0 /* Sources */,
				69026E032BFCC9DD00A922E0 /* Frameworks */,
				69026E042BFCC9DD00A922E0 /* Resources */,
			);
			buildRules = (
			);
			dependencies = (
			);
			name = Swifty_Companion;
			packageProductDependencies = (
				69EB8A592BFF9C4400F2EFC3 /* SwiftyJSON */,
				6907F1502C2470A3003DBF85 /* OAuthSwift */,
			);
			productName = Swifty_Companion;
			productReference = 69026E062BFCC9DD00A922E0 /* Swifty_Companion.app */;
			productType = "com.apple.product-type.application";
		};
		69026E152BFCC9E100A922E0 /* Swifty_CompanionTests */ = {
			isa = PBXNativeTarget;
			buildConfigurationList = 69026E2D2BFCC9E100A922E0 /* Build configuration list for PBXNativeTarget "Swifty_CompanionTests" */;
			buildPhases = (
				69026E122BFCC9E100A922E0 /* Sources */,
				69026E132BFCC9E100A922E0 /* Frameworks */,
				69026E142BFCC9E100A922E0 /* Resources */,
			);
			buildRules = (
			);
			dependencies = (
				69026E182BFCC9E100A922E0 /* PBXTargetDependency */,
			);
			name = Swifty_CompanionTests;
			productName = Swifty_CompanionTests;
			productReference = 69026E162BFCC9E100A922E0 /* Swifty_CompanionTests.xctest */;
			productType = "com.apple.product-type.bundle.unit-test";
		};
		69026E1F2BFCC9E100A922E0 /* Swifty_CompanionUITests */ = {
			isa = PBXNativeTarget;
			buildConfigurationList = 69026E302BFCC9E100A922E0 /* Build configuration list for PBXNativeTarget "Swifty_CompanionUITests" */;
			buildPhases = (
				69026E1C2BFCC9E100A922E0 /* Sources */,
				69026E1D2BFCC9E100A922E0 /* Frameworks */,
				69026E1E2BFCC9E100A922E0 /* Resources */,
			);
			buildRules = (
			);
			dependencies = (
				69026E222BFCC9E100A922E0 /* PBXTargetDependency */,
			);
			name = Swifty_CompanionUITests;
			productName = Swifty_CompanionUITests;
			productReference = 69026E202BFCC9E100A922E0 /* Swifty_CompanionUITests.xctest */;
			productType = "com.apple.product-type.bundle.ui-testing";
		};
/* End PBXNativeTarget section */

/* Begin PBXProject section */
		69026DFE2BFCC9DD00A922E0 /* Project object */ = {
			isa = PBXProject;
			attributes = {
				BuildIndependentTargetsInParallel = 1;
				LastSwiftUpdateCheck = 1540;
				LastUpgradeCheck = 1540;
				TargetAttributes = {
					69026E052BFCC9DD00A922E0 = {
						CreatedOnToolsVersion = 15.4;
					};
					69026E152BFCC9E100A922E0 = {
						CreatedOnToolsVersion = 15.4;
						TestTargetID = 69026E052BFCC9DD00A922E0;
					};
					69026E1F2BFCC9E100A922E0 = {
						CreatedOnToolsVersion = 15.4;
						TestTargetID = 69026E052BFCC9DD00A922E0;
					};
				};
			};
			buildConfigurationList = 69026E012BFCC9DD00A922E0 /* Build configuration list for PBXProject "Swifty_Companion" */;
			compatibilityVersion = "Xcode 14.0";
			developmentRegion = en;
			hasScannedForEncodings = 0;
			knownRegions = (
				en,
				Base,
			);
			mainGroup = 69026DFD2BFCC9DD00A922E0;
			packageReferences = (
				69E3EADC2BFE3DD300640935 /* XCRemoteSwiftPackageReference "OAuthSwift" */,
				69EB8A542BFF85AD00F2EFC3 /* XCRemoteSwiftPackageReference "OAuth2" */,
				69EB8A582BFF9C3A00F2EFC3 /* XCRemoteSwiftPackageReference "SwiftyJSON" */,
			);
			productRefGroup = 69026E072BFCC9DD00A922E0 /* Products */;
			projectDirPath = "";
			projectRoot = "";
			targets = (
				69026E052BFCC9DD00A922E0 /* Swifty_Companion */,
				69026E152BFCC9E100A922E0 /* Swifty_CompanionTests */,
				69026E1F2BFCC9E100A922E0 /* Swifty_CompanionUITests */,
			);
		};
/* End PBXProject section */

/* Begin PBXResourcesBuildPhase section */
		69026E042BFCC9DD00A922E0 /* Resources */ = {
			isa = PBXResourcesBuildPhase;
			buildActionMask = 2147483647;
			files = (
				69026E112BFCC9E000A922E0 /* Preview Assets.xcassets in Resources */,
				693C572B2C398C3C001B7E6C /* APIConfig.xcconfig in Resources */,
				69026E0E2BFCC9E000A922E0 /* Assets.xcassets in Resources */,
			);
			runOnlyForDeploymentPostprocessing = 0;
		};
		69026E142BFCC9E100A922E0 /* Resources */ = {
			isa = PBXResourcesBuildPhase;
			buildActionMask = 2147483647;
			files = (
			);
			runOnlyForDeploymentPostprocessing = 0;
		};
		69026E1E2BFCC9E100A922E0 /* Resources */ = {
			isa = PBXResourcesBuildPhase;
			buildActionMask = 2147483647;
			files = (
			);
			runOnlyForDeploymentPostprocessing = 0;
		};
/* End PBXResourcesBuildPhase section */

/* Begin PBXSourcesBuildPhase section */
		69026E022BFCC9DD00A922E0 /* Sources */ = {
			isa = PBXSourcesBuildPhase;
			buildActionMask = 2147483647;
			files = (
				6930487B2C3D87400088A416 /* ProfileViewWrapper.swift in Sources */,
				69026E372BFCDC8400A922E0 /* User.swift in Sources */,
				6963BE9A2C4696FF000E0092 /* DefaultPreview.swift in Sources */,
				69026E392BFCDDFA00A922E0 /* ContentView.swift in Sources */,
				69C321402C073DC5006FF884 /* ProjectsView.swift in Sources */,
				6963BE962C468985000E0092 /* LogoutView.swift in Sources */,
				693116422C2B050400213A1B /* Project.swift in Sources */,
				6931163E2C2B046F00213A1B /* Token.swift in Sources */,
				69C321422C073DD1006FF884 /* SkillsView.swift in Sources */,
				69F470612C35977B00D53432 /* WebView.swift in Sources */,
				698BB04B2C400C6E00EA2CD0 /* BottomBar.swift in Sources */,
				6907F1532C29C855003DBF85 /* APIConfig.swift in Sources */,
				69026E0C2BFCC9DD00A922E0 /* HomeView.swift in Sources */,
				69E3EADA2BFE2DB000640935 /* OAuth.swift in Sources */,
				69026E342BFCDC3B00A922E0 /* SearchView.swift in Sources */,
				6907F1552C29C94D003DBF85 /* APIKeychain.swift in Sources */,
				693116402C2B04DE00213A1B /* Cursus.swift in Sources */,
				69EB8A5C2C008B9D00F2EFC3 /* ProfileView.swift in Sources */,
				69026E0A2BFCC9DD00A922E0 /* Swifty_CompanionApp.swift in Sources */,
			);
			runOnlyForDeploymentPostprocessing = 0;
		};
		69026E122BFCC9E100A922E0 /* Sources */ = {
			isa = PBXSourcesBuildPhase;
			buildActionMask = 2147483647;
			files = (
				69026E1B2BFCC9E100A922E0 /* Swifty_CompanionTests.swift in Sources */,
			);
			runOnlyForDeploymentPostprocessing = 0;
		};
		69026E1C2BFCC9E100A922E0 /* Sources */ = {
			isa = PBXSourcesBuildPhase;
			buildActionMask = 2147483647;
			files = (
				69026E252BFCC9E100A922E0 /* Swifty_CompanionUITests.swift in Sources */,
				69026E272BFCC9E100A922E0 /* Swifty_CompanionUITestsLaunchTests.swift in Sources */,
			);
			runOnlyForDeploymentPostprocessing = 0;
		};
/* End PBXSourcesBuildPhase section */

/* Begin PBXTargetDependency section */
		69026E182BFCC9E100A922E0 /* PBXTargetDependency */ = {
			isa = PBXTargetDependency;
			target = 69026E052BFCC9DD00A922E0 /* Swifty_Companion */;
			targetProxy = 69026E172BFCC9E100A922E0 /* PBXContainerItemProxy */;
		};
		69026E222BFCC9E100A922E0 /* PBXTargetDependency */ = {
			isa = PBXTargetDependency;
			target = 69026E052BFCC9DD00A922E0 /* Swifty_Companion */;
			targetProxy = 69026E212BFCC9E100A922E0 /* PBXContainerItemProxy */;
		};
/* End PBXTargetDependency section */

/* Begin XCBuildConfiguration section */
		69026E282BFCC9E100A922E0 /* Debug */ = {
			isa = XCBuildConfiguration;
			buildSettings = {
				ALWAYS_SEARCH_USER_PATHS = NO;
				ASSETCATALOG_COMPILER_GENERATE_SWIFT_ASSET_SYMBOL_EXTENSIONS = YES;
				CLANG_ANALYZER_NONNULL = YES;
				CLANG_ANALYZER_NUMBER_OBJECT_CONVERSION = YES_AGGRESSIVE;
				CLANG_CXX_LANGUAGE_STANDARD = "gnu++20";
				CLANG_ENABLE_MODULES = YES;
				CLANG_ENABLE_OBJC_ARC = YES;
				CLANG_ENABLE_OBJC_WEAK = YES;
				CLANG_WARN_BLOCK_CAPTURE_AUTORELEASING = YES;
				CLANG_WARN_BOOL_CONVERSION = YES;
				CLANG_WARN_COMMA = YES;
				CLANG_WARN_CONSTANT_CONVERSION = YES;
				CLANG_WARN_DEPRECATED_OBJC_IMPLEMENTATIONS = YES;
				CLANG_WARN_DIRECT_OBJC_ISA_USAGE = YES_ERROR;
				CLANG_WARN_DOCUMENTATION_COMMENTS = YES;
				CLANG_WARN_EMPTY_BODY = YES;
				CLANG_WARN_ENUM_CONVERSION = YES;
				CLANG_WARN_INFINITE_RECURSION = YES;
				CLANG_WARN_INT_CONVERSION = YES;
				CLANG_WARN_NON_LITERAL_NULL_CONVERSION = YES;
				CLANG_WARN_OBJC_IMPLICIT_RETAIN_SELF = YES;
				CLANG_WARN_OBJC_LITERAL_CONVERSION = YES;
				CLANG_WARN_OBJC_ROOT_CLASS = YES_ERROR;
				CLANG_WARN_QUOTED_INCLUDE_IN_FRAMEWORK_HEADER = YES;
				CLANG_WARN_RANGE_LOOP_ANALYSIS = YES;
				CLANG_WARN_STRICT_PROTOTYPES = YES;
				CLANG_WARN_SUSPICIOUS_MOVE = YES;
				CLANG_WARN_UNGUARDED_AVAILABILITY = YES_AGGRESSIVE;
				CLANG_WARN_UNREACHABLE_CODE = YES;
				CLANG_WARN__DUPLICATE_METHOD_MATCH = YES;
				COPY_PHASE_STRIP = NO;
				DEBUG_INFORMATION_FORMAT = dwarf;
				ENABLE_STRICT_OBJC_MSGSEND = YES;
				ENABLE_TESTABILITY = YES;
				ENABLE_USER_SCRIPT_SANDBOXING = YES;
				GCC_C_LANGUAGE_STANDARD = gnu17;
				GCC_DYNAMIC_NO_PIC = NO;
				GCC_NO_COMMON_BLOCKS = YES;
				GCC_OPTIMIZATION_LEVEL = 0;
				GCC_PREPROCESSOR_DEFINITIONS = (
					"DEBUG=1",
					"$(inherited)",
				);
				GCC_WARN_64_TO_32_BIT_CONVERSION = YES;
				GCC_WARN_ABOUT_RETURN_TYPE = YES_ERROR;
				GCC_WARN_UNDECLARED_SELECTOR = YES;
				GCC_WARN_UNINITIALIZED_AUTOS = YES_AGGRESSIVE;
				GCC_WARN_UNUSED_FUNCTION = YES;
				GCC_WARN_UNUSED_VARIABLE = YES;
				IPHONEOS_DEPLOYMENT_TARGET = 17.5;
				LOCALIZATION_PREFERS_STRING_CATALOGS = YES;
				MTL_ENABLE_DEBUG_INFO = INCLUDE_SOURCE;
				MTL_FAST_MATH = YES;
				ONLY_ACTIVE_ARCH = YES;
				SDKROOT = iphoneos;
				SWIFT_ACTIVE_COMPILATION_CONDITIONS = "DEBUG $(inherited)";
				SWIFT_OPTIMIZATION_LEVEL = "-Onone";
			};
			name = Debug;
		};
		69026E292BFCC9E100A922E0 /* Release */ = {
			isa = XCBuildConfiguration;
			buildSettings = {
				ALWAYS_SEARCH_USER_PATHS = NO;
				ASSETCATALOG_COMPILER_GENERATE_SWIFT_ASSET_SYMBOL_EXTENSIONS = YES;
				CLANG_ANALYZER_NONNULL = YES;
				CLANG_ANALYZER_NUMBER_OBJECT_CONVERSION = YES_AGGRESSIVE;
				CLANG_CXX_LANGUAGE_STANDARD = "gnu++20";
				CLANG_ENABLE_MODULES = YES;
				CLANG_ENABLE_OBJC_ARC = YES;
				CLANG_ENABLE_OBJC_WEAK = YES;
				CLANG_WARN_BLOCK_CAPTURE_AUTORELEASING = YES;
				CLANG_WARN_BOOL_CONVERSION = YES;
				CLANG_WARN_COMMA = YES;
				CLANG_WARN_CONSTANT_CONVERSION = YES;
				CLANG_WARN_DEPRECATED_OBJC_IMPLEMENTATIONS = YES;
				CLANG_WARN_DIRECT_OBJC_ISA_USAGE = YES_ERROR;
				CLANG_WARN_DOCUMENTATION_COMMENTS = YES;
				CLANG_WARN_EMPTY_BODY = YES;
				CLANG_WARN_ENUM_CONVERSION = YES;
				CLANG_WARN_INFINITE_RECURSION = YES;
				CLANG_WARN_INT_CONVERSION = YES;
				CLANG_WARN_NON_LITERAL_NULL_CONVERSION = YES;
				CLANG_WARN_OBJC_IMPLICIT_RETAIN_SELF = YES;
				CLANG_WARN_OBJC_LITERAL_CONVERSION = YES;
				CLANG_WARN_OBJC_ROOT_CLASS = YES_ERROR;
				CLANG_WARN_QUOTED_INCLUDE_IN_FRAMEWORK_HEADER = YES;
				CLANG_WARN_RANGE_LOOP_ANALYSIS = YES;
				CLANG_WARN_STRICT_PROTOTYPES = YES;
				CLANG_WARN_SUSPICIOUS_MOVE = YES;
				CLANG_WARN_UNGUARDED_AVAILABILITY = YES_AGGRESSIVE;
				CLANG_WARN_UNREACHABLE_CODE = YES;
				CLANG_WARN__DUPLICATE_METHOD_MATCH = YES;
				COPY_PHASE_STRIP = NO;
				DEBUG_INFORMATION_FORMAT = "dwarf-with-dsym";
				ENABLE_NS_ASSERTIONS = NO;
				ENABLE_STRICT_OBJC_MSGSEND = YES;
				ENABLE_USER_SCRIPT_SANDBOXING = YES;
				GCC_C_LANGUAGE_STANDARD = gnu17;
				GCC_NO_COMMON_BLOCKS = YES;
				GCC_WARN_64_TO_32_BIT_CONVERSION = YES;
				GCC_WARN_ABOUT_RETURN_TYPE = YES_ERROR;
				GCC_WARN_UNDECLARED_SELECTOR = YES;
				GCC_WARN_UNINITIALIZED_AUTOS = YES_AGGRESSIVE;
				GCC_WARN_UNUSED_FUNCTION = YES;
				GCC_WARN_UNUSED_VARIABLE = YES;
				IPHONEOS_DEPLOYMENT_TARGET = 17.5;
				LOCALIZATION_PREFERS_STRING_CATALOGS = YES;
				MTL_ENABLE_DEBUG_INFO = NO;
				MTL_FAST_MATH = YES;
				SDKROOT = iphoneos;
				SWIFT_COMPILATION_MODE = wholemodule;
				VALIDATE_PRODUCT = YES;
			};
			name = Release;
		};
		69026E2B2BFCC9E100A922E0 /* Debug */ = {
			isa = XCBuildConfiguration;
			baseConfigurationReference = 693C572A2C398C3C001B7E6C /* APIConfig.xcconfig */;
			buildSettings = {
				ASSETCATALOG_COMPILER_APPICON_NAME = AppIcon;
				ASSETCATALOG_COMPILER_GLOBAL_ACCENT_COLOR_NAME = AccentColor;
				CODE_SIGN_STYLE = Automatic;
				CURRENT_PROJECT_VERSION = 1;
				DEVELOPMENT_ASSET_PATHS = "\"Swifty_Companion/Preview Content\"";
				DEVELOPMENT_TEAM = XJ86NZS2JN;
				ENABLE_PREVIEWS = YES;
				GENERATE_INFOPLIST_FILE = YES;
				INFOPLIST_FILE = "Swifty-Companion-Info.plist";
				INFOPLIST_KEY_UIApplicationSceneManifest_Generation = YES;
				INFOPLIST_KEY_UIApplicationSupportsIndirectInputEvents = YES;
				INFOPLIST_KEY_UILaunchScreen_Generation = YES;
				INFOPLIST_KEY_UISupportedInterfaceOrientations_iPad = "UIInterfaceOrientationPortrait UIInterfaceOrientationPortraitUpsideDown UIInterfaceOrientationLandscapeLeft UIInterfaceOrientationLandscapeRight";
				INFOPLIST_KEY_UISupportedInterfaceOrientations_iPhone = "UIInterfaceOrientationPortrait UIInterfaceOrientationLandscapeLeft UIInterfaceOrientationLandscapeRight";
				LD_RUNPATH_SEARCH_PATHS = (
					"$(inherited)",
					"@executable_path/Frameworks",
				);
				MARKETING_VERSION = 1.0;
				PRODUCT_BUNDLE_IDENTIFIER = "tefroiss.Swifty-Companion";
				PRODUCT_NAME = "$(TARGET_NAME)";
				SWIFT_EMIT_LOC_STRINGS = YES;
				SWIFT_VERSION = 5.0;
				TARGETED_DEVICE_FAMILY = "1,2";
			};
			name = Debug;
		};
		69026E2C2BFCC9E100A922E0 /* Release */ = {
			isa = XCBuildConfiguration;
			buildSettings = {
				ASSETCATALOG_COMPILER_APPICON_NAME = AppIcon;
				ASSETCATALOG_COMPILER_GLOBAL_ACCENT_COLOR_NAME = AccentColor;
				CODE_SIGN_STYLE = Automatic;
				CURRENT_PROJECT_VERSION = 1;
				DEVELOPMENT_ASSET_PATHS = "\"Swifty_Companion/Preview Content\"";
				DEVELOPMENT_TEAM = XJ86NZS2JN;
				ENABLE_PREVIEWS = YES;
				GENERATE_INFOPLIST_FILE = YES;
				INFOPLIST_FILE = "Swifty-Companion-Info.plist";
				INFOPLIST_KEY_UIApplicationSceneManifest_Generation = YES;
				INFOPLIST_KEY_UIApplicationSupportsIndirectInputEvents = YES;
				INFOPLIST_KEY_UILaunchScreen_Generation = YES;
				INFOPLIST_KEY_UISupportedInterfaceOrientations_iPad = "UIInterfaceOrientationPortrait UIInterfaceOrientationPortraitUpsideDown UIInterfaceOrientationLandscapeLeft UIInterfaceOrientationLandscapeRight";
				INFOPLIST_KEY_UISupportedInterfaceOrientations_iPhone = "UIInterfaceOrientationPortrait UIInterfaceOrientationLandscapeLeft UIInterfaceOrientationLandscapeRight";
				LD_RUNPATH_SEARCH_PATHS = (
					"$(inherited)",
					"@executable_path/Frameworks",
				);
				MARKETING_VERSION = 1.0;
				PRODUCT_BUNDLE_IDENTIFIER = "tefroiss.Swifty-Companion";
				PRODUCT_NAME = "$(TARGET_NAME)";
				SWIFT_EMIT_LOC_STRINGS = YES;
				SWIFT_VERSION = 5.0;
				TARGETED_DEVICE_FAMILY = "1,2";
			};
			name = Release;
		};
		69026E2E2BFCC9E100A922E0 /* Debug */ = {
			isa = XCBuildConfiguration;
			buildSettings = {
				ALWAYS_EMBED_SWIFT_STANDARD_LIBRARIES = YES;
				BUNDLE_LOADER = "$(TEST_HOST)";
				CODE_SIGN_STYLE = Automatic;
				CURRENT_PROJECT_VERSION = 1;
				GENERATE_INFOPLIST_FILE = YES;
				IPHONEOS_DEPLOYMENT_TARGET = 17.5;
				MARKETING_VERSION = 1.0;
				PRODUCT_BUNDLE_IDENTIFIER = "tefroiss.Swifty-CompanionTests";
				PRODUCT_NAME = "$(TARGET_NAME)";
				SWIFT_EMIT_LOC_STRINGS = NO;
				SWIFT_VERSION = 5.0;
				TARGETED_DEVICE_FAMILY = "1,2";
				TEST_HOST = "$(BUILT_PRODUCTS_DIR)/Swifty_Companion.app/$(BUNDLE_EXECUTABLE_FOLDER_PATH)/Swifty_Companion";
			};
			name = Debug;
		};
		69026E2F2BFCC9E100A922E0 /* Release */ = {
			isa = XCBuildConfiguration;
			buildSettings = {
				ALWAYS_EMBED_SWIFT_STANDARD_LIBRARIES = YES;
				BUNDLE_LOADER = "$(TEST_HOST)";
				CODE_SIGN_STYLE = Automatic;
				CURRENT_PROJECT_VERSION = 1;
				GENERATE_INFOPLIST_FILE = YES;
				IPHONEOS_DEPLOYMENT_TARGET = 17.5;
				MARKETING_VERSION = 1.0;
				PRODUCT_BUNDLE_IDENTIFIER = "tefroiss.Swifty-CompanionTests";
				PRODUCT_NAME = "$(TARGET_NAME)";
				SWIFT_EMIT_LOC_STRINGS = NO;
				SWIFT_VERSION = 5.0;
				TARGETED_DEVICE_FAMILY = "1,2";
				TEST_HOST = "$(BUILT_PRODUCTS_DIR)/Swifty_Companion.app/$(BUNDLE_EXECUTABLE_FOLDER_PATH)/Swifty_Companion";
			};
			name = Release;
		};
		69026E312BFCC9E100A922E0 /* Debug */ = {
			isa = XCBuildConfiguration;
			buildSettings = {
				ALWAYS_EMBED_SWIFT_STANDARD_LIBRARIES = YES;
				CODE_SIGN_STYLE = Automatic;
				CURRENT_PROJECT_VERSION = 1;
				GENERATE_INFOPLIST_FILE = YES;
				MARKETING_VERSION = 1.0;
				PRODUCT_BUNDLE_IDENTIFIER = "tefroiss.Swifty-CompanionUITests";
				PRODUCT_NAME = "$(TARGET_NAME)";
				SWIFT_EMIT_LOC_STRINGS = NO;
				SWIFT_VERSION = 5.0;
				TARGETED_DEVICE_FAMILY = "1,2";
				TEST_TARGET_NAME = Swifty_Companion;
			};
			name = Debug;
		};
		69026E322BFCC9E100A922E0 /* Release */ = {
			isa = XCBuildConfiguration;
			buildSettings = {
				ALWAYS_EMBED_SWIFT_STANDARD_LIBRARIES = YES;
				CODE_SIGN_STYLE = Automatic;
				CURRENT_PROJECT_VERSION = 1;
				GENERATE_INFOPLIST_FILE = YES;
				MARKETING_VERSION = 1.0;
				PRODUCT_BUNDLE_IDENTIFIER = "tefroiss.Swifty-CompanionUITests";
				PRODUCT_NAME = "$(TARGET_NAME)";
				SWIFT_EMIT_LOC_STRINGS = NO;
				SWIFT_VERSION = 5.0;
				TARGETED_DEVICE_FAMILY = "1,2";
				TEST_TARGET_NAME = Swifty_Companion;
			};
			name = Release;
		};
/* End XCBuildConfiguration section */

/* Begin XCConfigurationList section */
		69026E012BFCC9DD00A922E0 /* Build configuration list for PBXProject "Swifty_Companion" */ = {
			isa = XCConfigurationList;
			buildConfigurations = (
				69026E282BFCC9E100A922E0 /* Debug */,
				69026E292BFCC9E100A922E0 /* Release */,
			);
			defaultConfigurationIsVisible = 0;
			defaultConfigurationName = Release;
		};
		69026E2A2BFCC9E100A922E0 /* Build configuration list for PBXNativeTarget "Swifty_Companion" */ = {
			isa = XCConfigurationList;
			buildConfigurations = (
				69026E2B2BFCC9E100A922E0 /* Debug */,
				69026E2C2BFCC9E100A922E0 /* Release */,
			);
			defaultConfigurationIsVisible = 0;
			defaultConfigurationName = Release;
		};
		69026E2D2BFCC9E100A922E0 /* Build configuration list for PBXNativeTarget "Swifty_CompanionTests" */ = {
			isa = XCConfigurationList;
			buildConfigurations = (
				69026E2E2BFCC9E100A922E0 /* Debug */,
				69026E2F2BFCC9E100A922E0 /* Release */,
			);
			defaultConfigurationIsVisible = 0;
			defaultConfigurationName = Release;
		};
		69026E302BFCC9E100A922E0 /* Build configuration list for PBXNativeTarget "Swifty_CompanionUITests" */ = {
			isa = XCConfigurationList;
			buildConfigurations = (
				69026E312BFCC9E100A922E0 /* Debug */,
				69026E322BFCC9E100A922E0 /* Release */,
			);
			defaultConfigurationIsVisible = 0;
			defaultConfigurationName = Release;
		};
/* End XCConfigurationList section */

/* Begin XCRemoteSwiftPackageReference section */
		69E3EADC2BFE3DD300640935 /* XCRemoteSwiftPackageReference "OAuthSwift" */ = {
			isa = XCRemoteSwiftPackageReference;
			repositoryURL = "https://github.com/OAuthSwift/OAuthSwift.git";
			requirement = {
				kind = upToNextMajorVersion;
				minimumVersion = 2.2.0;
			};
		};
		69EB8A542BFF85AD00F2EFC3 /* XCRemoteSwiftPackageReference "OAuth2" */ = {
			isa = XCRemoteSwiftPackageReference;
			repositoryURL = "https://github.com/p2/OAuth2";
			requirement = {
				kind = upToNextMajorVersion;
				minimumVersion = 5.3.5;
			};
		};
		69EB8A582BFF9C3A00F2EFC3 /* XCRemoteSwiftPackageReference "SwiftyJSON" */ = {
			isa = XCRemoteSwiftPackageReference;
			repositoryURL = "https://github.com/SwiftyJSON/SwiftyJSON";
			requirement = {
				kind = upToNextMajorVersion;
				minimumVersion = 5.0.2;
			};
		};
/* End XCRemoteSwiftPackageReference section */

/* Begin XCSwiftPackageProductDependency section */
		6907F1502C2470A3003DBF85 /* OAuthSwift */ = {
			isa = XCSwiftPackageProductDependency;
			package = 69E3EADC2BFE3DD300640935 /* XCRemoteSwiftPackageReference "OAuthSwift" */;
			productName = OAuthSwift;
		};
		69EB8A592BFF9C4400F2EFC3 /* SwiftyJSON */ = {
			isa = XCSwiftPackageProductDependency;
			package = 69EB8A582BFF9C3A00F2EFC3 /* XCRemoteSwiftPackageReference "SwiftyJSON" */;
			productName = SwiftyJSON;
		};
/* End XCSwiftPackageProductDependency section */
	};
	rootObject = 69026DFE2BFCC9DD00A922E0 /* Project object */;
}
